
Microsoft Visual Studio Solution File, Format Version 12.00
# Visual Studio Version 17
VisualStudioVersion = 17.14.36203.30 d17.14
MinimumVisualStudioVersion = 10.0.40219.1
Project("{FAE04EC0-301F-11D3-BF4B-00C04F79EFBC}") = "EmployeeApi", "EmployeeApi.csproj", "{3001CE9B-D835-4209-BD3A-DECC42457316}"
EndProject
Global
	GlobalSection(SolutionConfigurationPlatforms) = preSolution
		Debug|Any CPU = Debug|Any CPU
		Release|Any CPU = Release|Any CPU
	EndGlobalSection
	GlobalSection(ProjectConfigurationPlatforms) = postSolution
		{3001CE9B-D835-4209-BD3A-DECC42457316}.Debug|Any CPU.ActiveCfg = Debug|Any CPU
		{3001CE9B-D835-4209-BD3A-DECC42457316}.Debug|Any CPU.Build.0 = Debug|Any CPU
		{3001CE9B-D835-4209-BD3A-DECC42457316}.Release|Any CPU.ActiveCfg = Release|Any CPU
		{3001CE9B-D835-4209-BD3A-DECC42457316}.Release|Any CPU.Build.0 = Release|Any CPU
	EndGlobalSection
	GlobalSection(SolutionProperties) = preSolution
		HideSolutionNode = FALSE
	EndGlobalSection
	GlobalSection(ExtensibilityGlobals) = postSolution
		SolutionGuid = {EAC23DB5-2812-45CB-9111-400AFAC32510}
	EndGlobalSection
EndGlobal
